
Microsoft Visual Studio Solution File, Format Version 12.00
# Visual Studio Version 17
VisualStudioVersion = 17.12.35506.116 d17.12
MinimumVisualStudioVersion = 10.0.40219.1
Project("{FAE04EC0-301F-11D3-BF4B-00C04F79EFBC}") = "SimpleCalcorator", "SimpleCalcorator\SimpleCalcorator.csproj", "{304C72D1-2E85-4AB8-AD6E-DCBBA510AD90}"
EndProject
Global
	GlobalSection(SolutionConfigurationPlatforms) = preSolution
		Debug|Any CPU = Debug|Any CPU
		Release|Any CPU = Release|Any CPU
	EndGlobalSection
	GlobalSection(ProjectConfigurationPlatforms) = postSolution
		{304C72D1-2E85-4AB8-AD6E-DCBBA510AD90}.Debug|Any CPU.ActiveCfg = Debug|Any CPU
		{304C72D1-2E85-4AB8-AD6E-DCBBA510AD90}.Debug|Any CPU.Build.0 = Debug|Any CPU
		{304C72D1-2E85-4AB8-AD6E-DCBBA510AD90}.Release|Any CPU.ActiveCfg = Release|Any CPU
		{304C72D1-2E85-4AB8-AD6E-DCBBA510AD90}.Release|Any CPU.Build.0 = Release|Any CPU
	EndGlobalSection
	GlobalSection(SolutionProperties) = preSolution
		HideSolutionNode = FALSE
	EndGlobalSection
EndGlobal
